<?xml version="1.0" encoding="utf-8"?>
<Project ToolsVersion="4.0" xmlns="http://schemas.microsoft.com/developer/msbuild/2003">
  <ItemGroup>
    <Filter Include="Source Files">
      <UniqueIdentifier>{4FC737F1-C7A5-4376-A066-2A32D752A2FF}</UniqueIdentifier>
      <Extensions>cpp;c;cc;cxx;def;odl;idl;hpj;bat;asm;asmx</Extensions>
    </Filter>
    <Filter Include="Header Files">
      <UniqueIdentifier>{93995380-89BD-4b04-88EB-625FBE52EBFB}</UniqueIdentifier>
      <Extensions>h;hh;hpp;hxx;hm;inl;inc;ipp;xsd</Extensions>
    </Filter>
    <Filter Include="Resource Files">
      <UniqueIdentifier>{67DA6AB6-F800-4c08-8B7A-83BB121AAD01}</UniqueIdentifier>
      <Extensions>rc;ico;cur;bmp;dlg;rc2;rct;bin;rgs;gif;jpg;jpeg;jpe;resx;tiff;tif;png;wav;mfcribbon-ms</Extensions>
    </Filter>
    <Filter Include="Rendering">
      <UniqueIdentifier>{56ae8026-ba5e-41ea-afa5-055e8778caba}</UniqueIdentifier>
    </Filter>
    <Filter Include="Rendering\Source">
      <UniqueIdentifier>{4d37524b-b286-41be-9040-99e8e5636e19}</UniqueIdentifier>
    </Filter>
    <Filter Include="Rendering\Header">
      <UniqueIdentifier>{fd983909-9a33-4d07-99a4-8585f7e9a8cd}</UniqueIdentifier>
    </Filter>
    <Filter Include="Rendering\Shaders">
      <UniqueIdentifier>{f57055dc-5d7d-4839-bd90-7ede242c4cfd}</UniqueIdentifier>
    </Filter>
    <Filter Include="Pure Virtuals">
      <UniqueIdentifier>{73bc917a-fad0-4200-943a-b1a7c39497fa}</UniqueIdentifier>
    </Filter>
    <Filter Include="Game Objects">
      <UniqueIdentifier>{29ffe598-3732-44e4-a372-4aca813ed001}</UniqueIdentifier>
    </Filter>
    <Filter Include="Game Objects\Source">
      <UniqueIdentifier>{bb447e54-2b8c-44b4-94ab-7a31563c7d14}</UniqueIdentifier>
    </Filter>
    <Filter Include="Game Objects\Header">
      <UniqueIdentifier>{f4319a98-286b-4151-a17d-b0ef0f660ef7}</UniqueIdentifier>
    </Filter>
    <Filter Include="Game Objects\Physics">
      <UniqueIdentifier>{da635bce-cd8a-4a66-806f-5c2daf6d14d4}</UniqueIdentifier>
    </Filter>
  </ItemGroup>
  <ItemGroup>
    <None Include="packages.config" />
    <None Include="shader_fragment.fs">
      <Filter>Rendering\Shaders</Filter>
    </None>
    <None Include="shader_vertex.vs">
      <Filter>Rendering\Shaders</Filter>
    </None>
  </ItemGroup>
  <ItemGroup>
    <ClInclude Include="Main.h">
      <Filter>Header Files</Filter>
    </ClInclude>
    <ClInclude Include="Process_Input.h">
      <Filter>Pure Virtuals</Filter>
    </ClInclude>
    <ClInclude Include="Shader.h">
      <Filter>Rendering\Header</Filter>
    </ClInclude>
    <ClInclude Include="Texture.h">
      <Filter>Rendering\Header</Filter>
    </ClInclude>
    <ClInclude Include="Camera.h">
      <Filter>Game Objects\Header</Filter>
    </ClInclude>
    <ClInclude Include="Entity.h">
      <Filter>Game Objects\Header</Filter>
    </ClInclude>
    <ClInclude Include="Player_Character.h">
      <Filter>Game Objects\Header</Filter>
    </ClInclude>
    <ClInclude Include="Render.h">
      <Filter>Rendering\Header</Filter>
    </ClInclude>
    <ClInclude Include="GameObject.h">
      <Filter>Game Objects\Header</Filter>
    </ClInclude>
    <ClInclude Include="Mesh.h">
      <Filter>Game Objects\Header</Filter>
    </ClInclude>
    <ClInclude Include="Model.h">
      <Filter>Game Objects\Header</Filter>
    </ClInclude>
    <ClInclude Include="AABB.h">
      <Filter>Game Objects\Physics</Filter>
    </ClInclude>
    <ClInclude Include="AABB_Tree.h">
      <Filter>Game Objects\Physics</Filter>
    </ClInclude>
    <ClInclude Include="Process_AABB.h">
      <Filter>Pure Virtuals</Filter>
    </ClInclude>
  </ItemGroup>
  <ItemGroup>
    <ClCompile Include="Main.cpp">
      <Filter>Source Files</Filter>
    </ClCompile>
    <ClCompile Include="glad.c">
      <Filter>Resource Files</Filter>
    </ClCompile>
    <ClCompile Include="Texture.cpp">
      <Filter>Rendering\Source</Filter>
    </ClCompile>
    <ClCompile Include="Camera.cpp">
      <Filter>Game Objects\Source</Filter>
    </ClCompile>
    <ClCompile Include="Entity.cpp">
      <Filter>Game Objects\Source</Filter>
    </ClCompile>
    <ClCompile Include="Player_Character.cpp">
      <Filter>Game Objects\Source</Filter>
    </ClCompile>
    <ClCompile Include="Render.cpp">
      <Filter>Rendering\Source</Filter>
    </ClCompile>
    <ClCompile Include="GameObject.cpp">
      <Filter>Game Objects\Source</Filter>
    </ClCompile>
    <ClCompile Include="Mesh.cpp">
      <Filter>Game Objects\Source</Filter>
    </ClCompile>
    <ClCompile Include="Model.cpp">
      <Filter>Game Objects\Source</Filter>
    </ClCompile>
    <ClCompile Include="AABB.cpp">
      <Filter>Game Objects\Physics</Filter>
    </ClCompile>
  </ItemGroup>
</Project>