<?xml version="1.0" encoding="utf-8"?>
<Project ToolsVersion="4.0" xmlns="http://schemas.microsoft.com/developer/msbuild/2003">
  <ItemGroup>
    <Filter Include="Source Files">
      <UniqueIdentifier>{4FC737F1-C7A5-4376-A066-2A32D752A2FF}</UniqueIdentifier>
      <Extensions>cpp;c;cc;cxx;def;odl;idl;hpj;bat;asm;asmx</Extensions>
    </Filter>
    <Filter Include="Header Files">
      <UniqueIdentifier>{93995380-89BD-4b04-88EB-625FBE52EBFB}</UniqueIdentifier>
      <Extensions>h;hh;hpp;hxx;hm;inl;inc;ipp;xsd</Extensions>
    </Filter>
    <Filter Include="Resource Files">
      <UniqueIdentifier>{67DA6AB6-F800-4c08-8B7A-83BB121AAD01}</UniqueIdentifier>
      <Extensions>rc;ico;cur;bmp;dlg;rc2;rct;bin;rgs;gif;jpg;jpeg;jpe;resx;tiff;tif;png;wav;mfcribbon-ms</Extensions>
    </Filter>
    <Filter Include="_Objects">
      <UniqueIdentifier>{a4312d24-e506-4728-b63e-d69cc8434357}</UniqueIdentifier>
    </Filter>
    <Filter Include="_Controllers">
      <UniqueIdentifier>{84b0926b-b29a-476e-9932-29b06da85a25}</UniqueIdentifier>
    </Filter>
    <Filter Include="_Shaders">
      <UniqueIdentifier>{679c6f6a-0a77-4e30-91d4-5df87685af08}</UniqueIdentifier>
    </Filter>
    <Filter Include="_Visuals">
      <UniqueIdentifier>{56ae8026-ba5e-41ea-afa5-055e8778caba}</UniqueIdentifier>
    </Filter>
    <Filter Include="_Virtual">
      <UniqueIdentifier>{73bc917a-fad0-4200-943a-b1a7c39497fa}</UniqueIdentifier>
    </Filter>
  </ItemGroup>
  <ItemGroup>
    <None Include="packages.config" />
    <None Include="shader_vertex.vs">
      <Filter>_Shaders</Filter>
    </None>
    <None Include="shader_fragment.fs">
      <Filter>_Shaders</Filter>
    </None>
  </ItemGroup>
  <ItemGroup>
    <ClInclude Include="Main.h">
      <Filter>Header Files</Filter>
    </ClInclude>
    <ClInclude Include="Render.h">
      <Filter>Header Files</Filter>
    </ClInclude>
    <ClInclude Include="Controller.h">
      <Filter>_Controllers</Filter>
    </ClInclude>
    <ClInclude Include="Shader.h">
      <Filter>_Shaders</Filter>
    </ClInclude>
    <ClInclude Include="Entity.h">
      <Filter>_Objects</Filter>
    </ClInclude>
    <ClInclude Include="Texture.h">
      <Filter>_Visuals</Filter>
    </ClInclude>
    <ClInclude Include="Camera.h">
      <Filter>_Objects</Filter>
    </ClInclude>
    <ClInclude Include="Process_Input.h">
      <Filter>_Virtual</Filter>
    </ClInclude>
  </ItemGroup>
  <ItemGroup>
    <ClCompile Include="Main.cpp">
      <Filter>Source Files</Filter>
    </ClCompile>
    <ClCompile Include="Drawable.cpp">
      <Filter>Source Files</Filter>
    </ClCompile>
    <ClCompile Include="Render.cpp">
      <Filter>Source Files</Filter>
    </ClCompile>
    <ClCompile Include="Controller.cpp">
      <Filter>_Controllers</Filter>
    </ClCompile>
    <ClCompile Include="glad.c">
      <Filter>Resource Files</Filter>
    </ClCompile>
    <ClCompile Include="Entity.cpp">
      <Filter>_Objects</Filter>
    </ClCompile>
    <ClCompile Include="Texture.cpp">
      <Filter>_Visuals</Filter>
    </ClCompile>
    <ClCompile Include="Camera.cpp">
      <Filter>_Objects</Filter>
    </ClCompile>
  </ItemGroup>
</Project>